
Microsoft Visual Studio Solution File, Format Version 12.00
# Visual Studio Version 16
VisualStudioVersion = 16.0.29806.167
MinimumVisualStudioVersion = 10.0.40219.1
Project("{2150E333-8FDC-42A3-9474-1A3956D46DE8}") = "Fichas", "Fichas", "{5E5545DF-FB8B-4FAB-99C6-97A7E790B6D6}"
EndProject
Project("{9A19103F-16F7-4668-BE54-9A1E7A4F7556}") = "Ficha6", "Ficha6\Ficha6.csproj", "{5BE9CC76-E41E-4DAD-A239-913715C39C77}"
EndProject
Project("{9A19103F-16F7-4668-BE54-9A1E7A4F7556}") = "Consola", "Consola\Consola.csproj", "{125BDA92-A0A3-43CF-8613-D67E462C3FAE}"
EndProject
Project("{9A19103F-16F7-4668-BE54-9A1E7A4F7556}") = "Ficha7", "Ficha7\Ficha7.csproj", "{784A8B3F-E756-4A17-8052-38908F6E367D}"
EndProject
Project("{9A19103F-16F7-4668-BE54-9A1E7A4F7556}") = "Ficha9", "Ficha9\Ficha9.csproj", "{48D5E9EC-154B-4921-A217-A06BA907F5A8}"
EndProject
Project("{9A19103F-16F7-4668-BE54-9A1E7A4F7556}") = "Ficha12", "Ficha12\Ficha12.csproj", "{3C75CDAD-D840-4685-9FC8-DADC0B14D6B9}"
EndProject
Project("{9A19103F-16F7-4668-BE54-9A1E7A4F7556}") = "Ficha14", "Ficha14\Ficha14.csproj", "{A756DEDE-E795-49CE-AD1B-D0A90A39C528}"
EndProject
Project("{9A19103F-16F7-4668-BE54-9A1E7A4F7556}") = "Ficha15", "Ficha15\Ficha15.csproj", "{A7D7BEF8-0770-497E-B35C-B23CD665EA82}"
EndProject
Project("{9A19103F-16F7-4668-BE54-9A1E7A4F7556}") = "Ficha16", "Ficha16\Ficha16.csproj", "{F8878732-43E6-40B8-BA7E-A459013D40EC}"
EndProject
Project("{9A19103F-16F7-4668-BE54-9A1E7A4F7556}") = "Ficha24", "Ficha24\Ficha24.csproj", "{F88E8270-C189-476B-A8AB-84726CC8B449}"
EndProject
Global
	GlobalSection(SolutionConfigurationPlatforms) = preSolution
		Debug|Any CPU = Debug|Any CPU
		Release|Any CPU = Release|Any CPU
	EndGlobalSection
	GlobalSection(ProjectConfigurationPlatforms) = postSolution
		{5BE9CC76-E41E-4DAD-A239-913715C39C77}.Debug|Any CPU.ActiveCfg = Debug|Any CPU
		{5BE9CC76-E41E-4DAD-A239-913715C39C77}.Debug|Any CPU.Build.0 = Debug|Any CPU
		{5BE9CC76-E41E-4DAD-A239-913715C39C77}.Release|Any CPU.ActiveCfg = Release|Any CPU
		{5BE9CC76-E41E-4DAD-A239-913715C39C77}.Release|Any CPU.Build.0 = Release|Any CPU
		{125BDA92-A0A3-43CF-8613-D67E462C3FAE}.Debug|Any CPU.ActiveCfg = Debug|Any CPU
		{125BDA92-A0A3-43CF-8613-D67E462C3FAE}.Debug|Any CPU.Build.0 = Debug|Any CPU
		{125BDA92-A0A3-43CF-8613-D67E462C3FAE}.Release|Any CPU.ActiveCfg = Release|Any CPU
		{125BDA92-A0A3-43CF-8613-D67E462C3FAE}.Release|Any CPU.Build.0 = Release|Any CPU
		{784A8B3F-E756-4A17-8052-38908F6E367D}.Debug|Any CPU.ActiveCfg = Debug|Any CPU
		{784A8B3F-E756-4A17-8052-38908F6E367D}.Debug|Any CPU.Build.0 = Debug|Any CPU
		{784A8B3F-E756-4A17-8052-38908F6E367D}.Release|Any CPU.ActiveCfg = Release|Any CPU
		{784A8B3F-E756-4A17-8052-38908F6E367D}.Release|Any CPU.Build.0 = Release|Any CPU
		{48D5E9EC-154B-4921-A217-A06BA907F5A8}.Debug|Any CPU.ActiveCfg = Debug|Any CPU
		{48D5E9EC-154B-4921-A217-A06BA907F5A8}.Debug|Any CPU.Build.0 = Debug|Any CPU
		{48D5E9EC-154B-4921-A217-A06BA907F5A8}.Release|Any CPU.ActiveCfg = Release|Any CPU
		{48D5E9EC-154B-4921-A217-A06BA907F5A8}.Release|Any CPU.Build.0 = Release|Any CPU
		{3C75CDAD-D840-4685-9FC8-DADC0B14D6B9}.Debug|Any CPU.ActiveCfg = Debug|Any CPU
		{3C75CDAD-D840-4685-9FC8-DADC0B14D6B9}.Debug|Any CPU.Build.0 = Debug|Any CPU
		{3C75CDAD-D840-4685-9FC8-DADC0B14D6B9}.Release|Any CPU.ActiveCfg = Release|Any CPU
		{3C75CDAD-D840-4685-9FC8-DADC0B14D6B9}.Release|Any CPU.Build.0 = Release|Any CPU
		{A756DEDE-E795-49CE-AD1B-D0A90A39C528}.Debug|Any CPU.ActiveCfg = Debug|Any CPU
		{A756DEDE-E795-49CE-AD1B-D0A90A39C528}.Debug|Any CPU.Build.0 = Debug|Any CPU
		{A756DEDE-E795-49CE-AD1B-D0A90A39C528}.Release|Any CPU.ActiveCfg = Release|Any CPU
		{A756DEDE-E795-49CE-AD1B-D0A90A39C528}.Release|Any CPU.Build.0 = Release|Any CPU
		{A7D7BEF8-0770-497E-B35C-B23CD665EA82}.Debug|Any CPU.ActiveCfg = Debug|Any CPU
		{A7D7BEF8-0770-497E-B35C-B23CD665EA82}.Debug|Any CPU.Build.0 = Debug|Any CPU
		{A7D7BEF8-0770-497E-B35C-B23CD665EA82}.Release|Any CPU.ActiveCfg = Release|Any CPU
		{A7D7BEF8-0770-497E-B35C-B23CD665EA82}.Release|Any CPU.Build.0 = Release|Any CPU
		{F8878732-43E6-40B8-BA7E-A459013D40EC}.Debug|Any CPU.ActiveCfg = Debug|Any CPU
		{F8878732-43E6-40B8-BA7E-A459013D40EC}.Debug|Any CPU.Build.0 = Debug|Any CPU
		{F8878732-43E6-40B8-BA7E-A459013D40EC}.Release|Any CPU.ActiveCfg = Release|Any CPU
		{F8878732-43E6-40B8-BA7E-A459013D40EC}.Release|Any CPU.Build.0 = Release|Any CPU
		{F88E8270-C189-476B-A8AB-84726CC8B449}.Debug|Any CPU.ActiveCfg = Debug|Any CPU
		{F88E8270-C189-476B-A8AB-84726CC8B449}.Debug|Any CPU.Build.0 = Debug|Any CPU
		{F88E8270-C189-476B-A8AB-84726CC8B449}.Release|Any CPU.ActiveCfg = Release|Any CPU
		{F88E8270-C189-476B-A8AB-84726CC8B449}.Release|Any CPU.Build.0 = Release|Any CPU
	EndGlobalSection
	GlobalSection(SolutionProperties) = preSolution
		HideSolutionNode = FALSE
	EndGlobalSection
	GlobalSection(NestedProjects) = preSolution
		{5BE9CC76-E41E-4DAD-A239-913715C39C77} = {5E5545DF-FB8B-4FAB-99C6-97A7E790B6D6}
		{784A8B3F-E756-4A17-8052-38908F6E367D} = {5E5545DF-FB8B-4FAB-99C6-97A7E790B6D6}
		{48D5E9EC-154B-4921-A217-A06BA907F5A8} = {5E5545DF-FB8B-4FAB-99C6-97A7E790B6D6}
		{3C75CDAD-D840-4685-9FC8-DADC0B14D6B9} = {5E5545DF-FB8B-4FAB-99C6-97A7E790B6D6}
		{A756DEDE-E795-49CE-AD1B-D0A90A39C528} = {5E5545DF-FB8B-4FAB-99C6-97A7E790B6D6}
		{A7D7BEF8-0770-497E-B35C-B23CD665EA82} = {5E5545DF-FB8B-4FAB-99C6-97A7E790B6D6}
		{F8878732-43E6-40B8-BA7E-A459013D40EC} = {5E5545DF-FB8B-4FAB-99C6-97A7E790B6D6}
		{F88E8270-C189-476B-A8AB-84726CC8B449} = {5E5545DF-FB8B-4FAB-99C6-97A7E790B6D6}
	EndGlobalSection
	GlobalSection(ExtensibilityGlobals) = postSolution
		SolutionGuid = {C306020F-D777-472D-8EB8-C7F23FBDF941}
	EndGlobalSection
EndGlobal
